
Microsoft Visual Studio Solution File, Format Version 12.00
# Visual Studio Version 16
VisualStudioVersion = 16.0.31019.35
MinimumVisualStudioVersion = 10.0.40219.1
Project("{FAE04EC0-301F-11D3-BF4B-00C04F79EFBC}") = "GTFrameworkForWindowsForms", "GTFrameworkForWindowsForms\GTFrameworkForWindowsForms.csproj", "{ECF12F82-0013-4C27-853B-CA475F7B7FB2}"
EndProject
Project("{FAE04EC0-301F-11D3-BF4B-00C04F79EFBC}") = "GTFrameworkForWindowsForms.Example", "GTFrameworkForWindowsForms.Example\GTFrameworkForWindowsForms.Example.csproj", "{A8233072-E5D1-41D0-B16E-A8C8F9D13ECF}"
EndProject
Global
	GlobalSection(SolutionConfigurationPlatforms) = preSolution
		Debug|Any CPU = Debug|Any CPU
		Release|Any CPU = Release|Any CPU
	EndGlobalSection
	GlobalSection(ProjectConfigurationPlatforms) = postSolution
		{ECF12F82-0013-4C27-853B-CA475F7B7FB2}.Debug|Any CPU.ActiveCfg = Debug|Any CPU
		{ECF12F82-0013-4C27-853B-CA475F7B7FB2}.Debug|Any CPU.Build.0 = Debug|Any CPU
		{ECF12F82-0013-4C27-853B-CA475F7B7FB2}.Release|Any CPU.ActiveCfg = Release|Any CPU
		{ECF12F82-0013-4C27-853B-CA475F7B7FB2}.Release|Any CPU.Build.0 = Release|Any CPU
		{A8233072-E5D1-41D0-B16E-A8C8F9D13ECF}.Debug|Any CPU.ActiveCfg = Debug|Any CPU
		{A8233072-E5D1-41D0-B16E-A8C8F9D13ECF}.Debug|Any CPU.Build.0 = Debug|Any CPU
		{A8233072-E5D1-41D0-B16E-A8C8F9D13ECF}.Release|Any CPU.ActiveCfg = Release|Any CPU
		{A8233072-E5D1-41D0-B16E-A8C8F9D13ECF}.Release|Any CPU.Build.0 = Release|Any CPU
	EndGlobalSection
	GlobalSection(SolutionProperties) = preSolution
		HideSolutionNode = FALSE
	EndGlobalSection
	GlobalSection(ExtensibilityGlobals) = postSolution
		SolutionGuid = {97990F4B-532C-4436-ABA3-6E10B9AFF960}
	EndGlobalSection
EndGlobal
